
Microsoft Visual Studio Solution File, Format Version 12.00
# Visual Studio Version 17
VisualStudioVersion = 17.7.34031.279
MinimumVisualStudioVersion = 10.0.40219.1
Project("{FAE04EC0-301F-11D3-BF4B-00C04F79EFBC}") = "16-PW", "16-PW\16-PW.csproj", "{CBC45EB9-C2F7-4DF8-848A-FAE6E0747BC5}"
EndProject
Global
	GlobalSection(SolutionConfigurationPlatforms) = preSolution
		Debug|Any CPU = Debug|Any CPU
		Release|Any CPU = Release|Any CPU
	EndGlobalSection
	GlobalSection(ProjectConfigurationPlatforms) = postSolution
		{CBC45EB9-C2F7-4DF8-848A-FAE6E0747BC5}.Debug|Any CPU.ActiveCfg = Debug|Any CPU
		{CBC45EB9-C2F7-4DF8-848A-FAE6E0747BC5}.Debug|Any CPU.Build.0 = Debug|Any CPU
		{CBC45EB9-C2F7-4DF8-848A-FAE6E0747BC5}.Release|Any CPU.ActiveCfg = Release|Any CPU
		{CBC45EB9-C2F7-4DF8-848A-FAE6E0747BC5}.Release|Any CPU.Build.0 = Release|Any CPU
	EndGlobalSection
	GlobalSection(SolutionProperties) = preSolution
		HideSolutionNode = FALSE
	EndGlobalSection
	GlobalSection(ExtensibilityGlobals) = postSolution
		SolutionGuid = {53284922-9985-419A-AD7F-B8ED227E6020}
	EndGlobalSection
EndGlobal
